
Microsoft Visual Studio Solution File, Format Version 12.00
# Visual Studio Version 16
VisualStudioVersion = 16.0.30204.135
MinimumVisualStudioVersion = 10.0.40219.1
Project("{FAE04EC0-301F-11D3-BF4B-00C04F79EFBC}") = "CoreMVCApps", "CoreMVCApps\CoreMVCApps.csproj", "{7E7402FB-4F38-4345-8814-D47911B21E67}"
EndProject
Global
	GlobalSection(SolutionConfigurationPlatforms) = preSolution
		Debug|Any CPU = Debug|Any CPU
		Release|Any CPU = Release|Any CPU
	EndGlobalSection
	GlobalSection(ProjectConfigurationPlatforms) = postSolution
		{7E7402FB-4F38-4345-8814-D47911B21E67}.Debug|Any CPU.ActiveCfg = Debug|Any CPU
		{7E7402FB-4F38-4345-8814-D47911B21E67}.Debug|Any CPU.Build.0 = Debug|Any CPU
		{7E7402FB-4F38-4345-8814-D47911B21E67}.Release|Any CPU.ActiveCfg = Release|Any CPU
		{7E7402FB-4F38-4345-8814-D47911B21E67}.Release|Any CPU.Build.0 = Release|Any CPU
	EndGlobalSection
	GlobalSection(SolutionProperties) = preSolution
		HideSolutionNode = FALSE
	EndGlobalSection
	GlobalSection(ExtensibilityGlobals) = postSolution
		SolutionGuid = {F1F6D8FA-921B-4C60-A5B4-187DEA7267B5}
	EndGlobalSection
EndGlobal
